
Microsoft Visual Studio Solution File, Format Version 12.00
# Visual Studio Version 16
VisualStudioVersion = 16.0.32002.261
MinimumVisualStudioVersion = 10.0.40219.1
Project("{8BC9CEB8-8B4A-11D0-8D11-00A0C91BC942}") = "OneDimensionalArray", "OneDimensionalArray\OneDimensionalArray.vcxproj", "{9DC9C08A-4A0B-4F66-8D32-98C01026803F}"
EndProject
Project("{8BC9CEB8-8B4A-11D0-8D11-00A0C91BC942}") = "TwoDimensionalArray", "TwoDimensionalArray\TwoDimensionalArray.vcxproj", "{ED8ECF1E-9120-42EB-B8E3-58E6E3CF44C4}"
EndProject
Project("{8BC9CEB8-8B4A-11D0-8D11-00A0C91BC942}") = "Strings", "Strings\Strings.vcxproj", "{150761E4-BBFF-46A5-BF40-2A8360D9D0D6}"
EndProject
Project("{8BC9CEB8-8B4A-11D0-8D11-00A0C91BC942}") = "StructsTable", "StructsTable\StructsTable.vcxproj", "{9F5CF7FB-7C62-4BF3-A6D3-8BB3DA27C0AA}"
EndProject
Project("{8BC9CEB8-8B4A-11D0-8D11-00A0C91BC942}") = "SinglyLinkedList", "SinglyLinkedList\SinglyLinkedList.vcxproj", "{FEC86FCF-869F-4C14-B246-BF08C1D8916F}"
EndProject
Project("{8BC9CEB8-8B4A-11D0-8D11-00A0C91BC942}") = "Recursion", "Recursion\Recursion.vcxproj", "{B1CC8D15-9AD4-4641-B2D9-D70121F3D1C4}"
EndProject
Project("{8BC9CEB8-8B4A-11D0-8D11-00A0C91BC942}") = "StackAndQueue", "StackAndQueue\StackAndQueue.vcxproj", "{A5FB91AC-AA1C-4442-8465-CBE5465A599B}"
EndProject
Project("{8BC9CEB8-8B4A-11D0-8D11-00A0C91BC942}") = "Sorts", "Sorts\Sorts.vcxproj", "{8A9476F8-715C-483D-AC11-090D13A6C111}"
EndProject
Project("{8BC9CEB8-8B4A-11D0-8D11-00A0C91BC942}") = "Search", "Search\Search.vcxproj", "{A15B1938-9B48-47EB-9D8E-0DB04713F183}"
EndProject
Global
	GlobalSection(SolutionConfigurationPlatforms) = preSolution
		Debug|x64 = Debug|x64
		Debug|x86 = Debug|x86
		Release|x64 = Release|x64
		Release|x86 = Release|x86
	EndGlobalSection
	GlobalSection(ProjectConfigurationPlatforms) = postSolution
		{9DC9C08A-4A0B-4F66-8D32-98C01026803F}.Debug|x64.ActiveCfg = Debug|x64
		{9DC9C08A-4A0B-4F66-8D32-98C01026803F}.Debug|x64.Build.0 = Debug|x64
		{9DC9C08A-4A0B-4F66-8D32-98C01026803F}.Debug|x86.ActiveCfg = Debug|Win32
		{9DC9C08A-4A0B-4F66-8D32-98C01026803F}.Debug|x86.Build.0 = Debug|Win32
		{9DC9C08A-4A0B-4F66-8D32-98C01026803F}.Release|x64.ActiveCfg = Release|x64
		{9DC9C08A-4A0B-4F66-8D32-98C01026803F}.Release|x64.Build.0 = Release|x64
		{9DC9C08A-4A0B-4F66-8D32-98C01026803F}.Release|x86.ActiveCfg = Release|Win32
		{9DC9C08A-4A0B-4F66-8D32-98C01026803F}.Release|x86.Build.0 = Release|Win32
		{ED8ECF1E-9120-42EB-B8E3-58E6E3CF44C4}.Debug|x64.ActiveCfg = Debug|x64
		{ED8ECF1E-9120-42EB-B8E3-58E6E3CF44C4}.Debug|x64.Build.0 = Debug|x64
		{ED8ECF1E-9120-42EB-B8E3-58E6E3CF44C4}.Debug|x86.ActiveCfg = Debug|Win32
		{ED8ECF1E-9120-42EB-B8E3-58E6E3CF44C4}.Debug|x86.Build.0 = Debug|Win32
		{ED8ECF1E-9120-42EB-B8E3-58E6E3CF44C4}.Release|x64.ActiveCfg = Release|x64
		{ED8ECF1E-9120-42EB-B8E3-58E6E3CF44C4}.Release|x64.Build.0 = Release|x64
		{ED8ECF1E-9120-42EB-B8E3-58E6E3CF44C4}.Release|x86.ActiveCfg = Release|Win32
		{ED8ECF1E-9120-42EB-B8E3-58E6E3CF44C4}.Release|x86.Build.0 = Release|Win32
		{150761E4-BBFF-46A5-BF40-2A8360D9D0D6}.Debug|x64.ActiveCfg = Debug|x64
		{150761E4-BBFF-46A5-BF40-2A8360D9D0D6}.Debug|x64.Build.0 = Debug|x64
		{150761E4-BBFF-46A5-BF40-2A8360D9D0D6}.Debug|x86.ActiveCfg = Debug|Win32
		{150761E4-BBFF-46A5-BF40-2A8360D9D0D6}.Debug|x86.Build.0 = Debug|Win32
		{150761E4-BBFF-46A5-BF40-2A8360D9D0D6}.Release|x64.ActiveCfg = Release|x64
		{150761E4-BBFF-46A5-BF40-2A8360D9D0D6}.Release|x64.Build.0 = Release|x64
		{150761E4-BBFF-46A5-BF40-2A8360D9D0D6}.Release|x86.ActiveCfg = Release|Win32
		{150761E4-BBFF-46A5-BF40-2A8360D9D0D6}.Release|x86.Build.0 = Release|Win32
		{9F5CF7FB-7C62-4BF3-A6D3-8BB3DA27C0AA}.Debug|x64.ActiveCfg = Debug|x64
		{9F5CF7FB-7C62-4BF3-A6D3-8BB3DA27C0AA}.Debug|x64.Build.0 = Debug|x64
		{9F5CF7FB-7C62-4BF3-A6D3-8BB3DA27C0AA}.Debug|x86.ActiveCfg = Debug|Win32
		{9F5CF7FB-7C62-4BF3-A6D3-8BB3DA27C0AA}.Debug|x86.Build.0 = Debug|Win32
		{9F5CF7FB-7C62-4BF3-A6D3-8BB3DA27C0AA}.Release|x64.ActiveCfg = Release|x64
		{9F5CF7FB-7C62-4BF3-A6D3-8BB3DA27C0AA}.Release|x64.Build.0 = Release|x64
		{9F5CF7FB-7C62-4BF3-A6D3-8BB3DA27C0AA}.Release|x86.ActiveCfg = Release|Win32
		{9F5CF7FB-7C62-4BF3-A6D3-8BB3DA27C0AA}.Release|x86.Build.0 = Release|Win32
		{FEC86FCF-869F-4C14-B246-BF08C1D8916F}.Debug|x64.ActiveCfg = Debug|x64
		{FEC86FCF-869F-4C14-B246-BF08C1D8916F}.Debug|x64.Build.0 = Debug|x64
		{FEC86FCF-869F-4C14-B246-BF08C1D8916F}.Debug|x86.ActiveCfg = Debug|Win32
		{FEC86FCF-869F-4C14-B246-BF08C1D8916F}.Debug|x86.Build.0 = Debug|Win32
		{FEC86FCF-869F-4C14-B246-BF08C1D8916F}.Release|x64.ActiveCfg = Release|x64
		{FEC86FCF-869F-4C14-B246-BF08C1D8916F}.Release|x64.Build.0 = Release|x64
		{FEC86FCF-869F-4C14-B246-BF08C1D8916F}.Release|x86.ActiveCfg = Release|Win32
		{FEC86FCF-869F-4C14-B246-BF08C1D8916F}.Release|x86.Build.0 = Release|Win32
		{B1CC8D15-9AD4-4641-B2D9-D70121F3D1C4}.Debug|x64.ActiveCfg = Debug|x64
		{B1CC8D15-9AD4-4641-B2D9-D70121F3D1C4}.Debug|x64.Build.0 = Debug|x64
		{B1CC8D15-9AD4-4641-B2D9-D70121F3D1C4}.Debug|x86.ActiveCfg = Debug|Win32
		{B1CC8D15-9AD4-4641-B2D9-D70121F3D1C4}.Debug|x86.Build.0 = Debug|Win32
		{B1CC8D15-9AD4-4641-B2D9-D70121F3D1C4}.Release|x64.ActiveCfg = Release|x64
		{B1CC8D15-9AD4-4641-B2D9-D70121F3D1C4}.Release|x64.Build.0 = Release|x64
		{B1CC8D15-9AD4-4641-B2D9-D70121F3D1C4}.Release|x86.ActiveCfg = Release|Win32
		{B1CC8D15-9AD4-4641-B2D9-D70121F3D1C4}.Release|x86.Build.0 = Release|Win32
		{A5FB91AC-AA1C-4442-8465-CBE5465A599B}.Debug|x64.ActiveCfg = Debug|x64
		{A5FB91AC-AA1C-4442-8465-CBE5465A599B}.Debug|x64.Build.0 = Debug|x64
		{A5FB91AC-AA1C-4442-8465-CBE5465A599B}.Debug|x86.ActiveCfg = Debug|Win32
		{A5FB91AC-AA1C-4442-8465-CBE5465A599B}.Debug|x86.Build.0 = Debug|Win32
		{A5FB91AC-AA1C-4442-8465-CBE5465A599B}.Release|x64.ActiveCfg = Release|x64
		{A5FB91AC-AA1C-4442-8465-CBE5465A599B}.Release|x64.Build.0 = Release|x64
		{A5FB91AC-AA1C-4442-8465-CBE5465A599B}.Release|x86.ActiveCfg = Release|Win32
		{A5FB91AC-AA1C-4442-8465-CBE5465A599B}.Release|x86.Build.0 = Release|Win32
		{8A9476F8-715C-483D-AC11-090D13A6C111}.Debug|x64.ActiveCfg = Debug|x64
		{8A9476F8-715C-483D-AC11-090D13A6C111}.Debug|x64.Build.0 = Debug|x64
		{8A9476F8-715C-483D-AC11-090D13A6C111}.Debug|x86.ActiveCfg = Debug|Win32
		{8A9476F8-715C-483D-AC11-090D13A6C111}.Debug|x86.Build.0 = Debug|Win32
		{8A9476F8-715C-483D-AC11-090D13A6C111}.Release|x64.ActiveCfg = Release|x64
		{8A9476F8-715C-483D-AC11-090D13A6C111}.Release|x64.Build.0 = Release|x64
		{8A9476F8-715C-483D-AC11-090D13A6C111}.Release|x86.ActiveCfg = Release|Win32
		{8A9476F8-715C-483D-AC11-090D13A6C111}.Release|x86.Build.0 = Release|Win32
		{A15B1938-9B48-47EB-9D8E-0DB04713F183}.Debug|x64.ActiveCfg = Debug|x64
		{A15B1938-9B48-47EB-9D8E-0DB04713F183}.Debug|x64.Build.0 = Debug|x64
		{A15B1938-9B48-47EB-9D8E-0DB04713F183}.Debug|x86.ActiveCfg = Debug|Win32
		{A15B1938-9B48-47EB-9D8E-0DB04713F183}.Debug|x86.Build.0 = Debug|Win32
		{A15B1938-9B48-47EB-9D8E-0DB04713F183}.Release|x64.ActiveCfg = Release|x64
		{A15B1938-9B48-47EB-9D8E-0DB04713F183}.Release|x64.Build.0 = Release|x64
		{A15B1938-9B48-47EB-9D8E-0DB04713F183}.Release|x86.ActiveCfg = Release|Win32
		{A15B1938-9B48-47EB-9D8E-0DB04713F183}.Release|x86.Build.0 = Release|Win32
	EndGlobalSection
	GlobalSection(SolutionProperties) = preSolution
		HideSolutionNode = FALSE
	EndGlobalSection
	GlobalSection(ExtensibilityGlobals) = postSolution
		SolutionGuid = {12AFFC90-3A57-4C3B-982E-51F8F734D19D}
	EndGlobalSection
EndGlobal
